
Microsoft Visual Studio Solution File, Format Version 12.00
# Visual Studio 15
VisualStudioVersion = 15.0.28010.2041
MinimumVisualStudioVersion = 10.0.40219.1
Project("{FAE04EC0-301F-11D3-BF4B-00C04F79EFBC}") = "codefirstapproach", "codefirstapproach\codefirstapproach.csproj", "{203F136C-3DF6-4A93-AC59-14040A9B855C}"
EndProject
Global
	GlobalSection(SolutionConfigurationPlatforms) = preSolution
		Debug|Any CPU = Debug|Any CPU
		Release|Any CPU = Release|Any CPU
	EndGlobalSection
	GlobalSection(ProjectConfigurationPlatforms) = postSolution
		{203F136C-3DF6-4A93-AC59-14040A9B855C}.Debug|Any CPU.ActiveCfg = Debug|Any CPU
		{203F136C-3DF6-4A93-AC59-14040A9B855C}.Debug|Any CPU.Build.0 = Debug|Any CPU
		{203F136C-3DF6-4A93-AC59-14040A9B855C}.Release|Any CPU.ActiveCfg = Release|Any CPU
		{203F136C-3DF6-4A93-AC59-14040A9B855C}.Release|Any CPU.Build.0 = Release|Any CPU
	EndGlobalSection
	GlobalSection(SolutionProperties) = preSolution
		HideSolutionNode = FALSE
	EndGlobalSection
	GlobalSection(ExtensibilityGlobals) = postSolution
		SolutionGuid = {8DF24741-4304-4E3C-8CA9-FAAE126F2BF2}
	EndGlobalSection
EndGlobal
